
Microsoft Visual Studio Solution File, Format Version 12.00
# Visual Studio Version 17
VisualStudioVersion = 17.3.32929.385
MinimumVisualStudioVersion = 10.0.40219.1
Project("{FAE04EC0-301F-11D3-BF4B-00C04F79EFBC}") = "AdminIES", "AdminIES\AdminIES.csproj", "{F4DA56D5-A50E-4AE0-85D5-D4989A4F1CAB}"
EndProject
Global
	GlobalSection(SolutionConfigurationPlatforms) = preSolution
		Debug|Any CPU = Debug|Any CPU
		Release|Any CPU = Release|Any CPU
	EndGlobalSection
	GlobalSection(ProjectConfigurationPlatforms) = postSolution
		{F4DA56D5-A50E-4AE0-85D5-D4989A4F1CAB}.Debug|Any CPU.ActiveCfg = Debug|Any CPU
		{F4DA56D5-A50E-4AE0-85D5-D4989A4F1CAB}.Debug|Any CPU.Build.0 = Debug|Any CPU
		{F4DA56D5-A50E-4AE0-85D5-D4989A4F1CAB}.Release|Any CPU.ActiveCfg = Release|Any CPU
		{F4DA56D5-A50E-4AE0-85D5-D4989A4F1CAB}.Release|Any CPU.Build.0 = Release|Any CPU
	EndGlobalSection
	GlobalSection(SolutionProperties) = preSolution
		HideSolutionNode = FALSE
	EndGlobalSection
	GlobalSection(ExtensibilityGlobals) = postSolution
		SolutionGuid = {3DF2032A-7586-4D8A-91C1-E54E25A8BB1F}
	EndGlobalSection
EndGlobal
